
Microsoft Visual Studio Solution File, Format Version 12.00
Project("{2150E333-8FDC-42A3-9474-1A3956D46DE8}") = "src", "src", "{2A56A070-D7C3-4C11-99A1-1C28C035ACE9}"
EndProject
Project("{2150E333-8FDC-42A3-9474-1A3956D46DE8}") = "Tests", "Tests", "{F33CCB74-471C-4B63-AD36-2B9A5DEB37FC}"
EndProject
Project("{FAE04EC0-301F-11D3-BF4B-00C04F79EFBC}") = "Parser", "Parser\Parser.csproj", "{08616671-29A8-4AF8-B68E-86A1515D1EC0}"
EndProject
Project("{2150E333-8FDC-42A3-9474-1A3956D46DE8}") = "Solution Items", "Solution Items", "{A8C31EA5-1367-4D69-A7E1-1D6CF9754A11}"
	ProjectSection(SolutionItems) = preProject
		compose.yaml = compose.yaml
	EndProjectSection
EndProject
Project("{FAE04EC0-301F-11D3-BF4B-00C04F79EFBC}") = "Web", "Web\Web.csproj", "{C25E75D6-92D5-4217-9D35-3E1029CF1BD5}"
EndProject
Global
	GlobalSection(SolutionConfigurationPlatforms) = preSolution
		Debug|Any CPU = Debug|Any CPU
		Release|Any CPU = Release|Any CPU
	EndGlobalSection
	GlobalSection(NestedProjects) = preSolution
		{08616671-29A8-4AF8-B68E-86A1515D1EC0} = {2A56A070-D7C3-4C11-99A1-1C28C035ACE9}
		{C25E75D6-92D5-4217-9D35-3E1029CF1BD5} = {2A56A070-D7C3-4C11-99A1-1C28C035ACE9}
	EndGlobalSection
	GlobalSection(ProjectConfigurationPlatforms) = postSolution
		{08616671-29A8-4AF8-B68E-86A1515D1EC0}.Debug|Any CPU.ActiveCfg = Debug|Any CPU
		{08616671-29A8-4AF8-B68E-86A1515D1EC0}.Debug|Any CPU.Build.0 = Debug|Any CPU
		{08616671-29A8-4AF8-B68E-86A1515D1EC0}.Release|Any CPU.ActiveCfg = Release|Any CPU
		{08616671-29A8-4AF8-B68E-86A1515D1EC0}.Release|Any CPU.Build.0 = Release|Any CPU
		{C25E75D6-92D5-4217-9D35-3E1029CF1BD5}.Debug|Any CPU.ActiveCfg = Debug|Any CPU
		{C25E75D6-92D5-4217-9D35-3E1029CF1BD5}.Debug|Any CPU.Build.0 = Debug|Any CPU
		{C25E75D6-92D5-4217-9D35-3E1029CF1BD5}.Release|Any CPU.ActiveCfg = Release|Any CPU
		{C25E75D6-92D5-4217-9D35-3E1029CF1BD5}.Release|Any CPU.Build.0 = Release|Any CPU
	EndGlobalSection
EndGlobal
